
Microsoft Visual Studio Solution File, Format Version 11.00
# Visual Studio 2010
Project("{FAE04EC0-301F-11D3-BF4B-00C04F79EFBC}") = "Assembly-CSharp", "Assembly-CSharp.csproj", "{0ae3ee14-8c07-ade8-a6fa-4fae1393063a}"
EndProject
Project("{FAE04EC0-301F-11D3-BF4B-00C04F79EFBC}") = "Assembly-CSharp-Editor", "Assembly-CSharp-Editor.csproj", "{0fe6d607-4b3c-c192-3af6-bef7c6eacccc}"
EndProject
Global
	GlobalSection(SolutionConfigurationPlatforms) = preSolution
		Debug|Any CPU = Debug|Any CPU
	EndGlobalSection
	GlobalSection(ProjectConfigurationPlatforms) = postSolution
		{0ae3ee14-8c07-ade8-a6fa-4fae1393063a}.Debug|Any CPU.ActiveCfg = Debug|Any CPU
		{0ae3ee14-8c07-ade8-a6fa-4fae1393063a}.Debug|Any CPU.Build.0 = Debug|Any CPU
		{0fe6d607-4b3c-c192-3af6-bef7c6eacccc}.Debug|Any CPU.ActiveCfg = Debug|Any CPU
		{0fe6d607-4b3c-c192-3af6-bef7c6eacccc}.Debug|Any CPU.Build.0 = Debug|Any CPU
	EndGlobalSection
	GlobalSection(SolutionProperties) = preSolution
		HideSolutionNode = FALSE
	EndGlobalSection
EndGlobal
